Microsoft Visual Studio Solution File, Format Version 11.00
# Visual Studio 2008

Project("{0789B7F2-5F68-C277-3752-F7320AD89F71}") = "FFT Water", "Assembly-CSharp.csproj", "{9B290DCC-DA74-C7B7-E33B-61C3F1EB216F}"
EndProject
Project("{0789B7F2-5F68-C277-3752-F7320AD89F71}") = "FFT Water", "Assembly-CSharp-Editor.csproj", "{170CB674-F679-D447-17C5-AB9A833B5256}"
EndProject
Global
	GlobalSection(SolutionConfigurationPlatforms) = preSolution
		Debug|Any CPU = Debug|Any CPU
		Release|Any CPU = Release|Any CPU
	EndGlobalSection
	GlobalSection(ProjectConfigurationPlatforms) = postSolution
		{9B290DCC-DA74-C7B7-E33B-61C3F1EB216F}.Debug|Any CPU.ActiveCfg = Debug|Any CPU
		{9B290DCC-DA74-C7B7-E33B-61C3F1EB216F}.Debug|Any CPU.Build.0 = Debug|Any CPU
		{9B290DCC-DA74-C7B7-E33B-61C3F1EB216F}.Release|Any CPU.ActiveCfg = Release|Any CPU
		{9B290DCC-DA74-C7B7-E33B-61C3F1EB216F}.Release|Any CPU.Build.0 = Release|Any CPU
		{170CB674-F679-D447-17C5-AB9A833B5256}.Debug|Any CPU.ActiveCfg = Debug|Any CPU
		{170CB674-F679-D447-17C5-AB9A833B5256}.Debug|Any CPU.Build.0 = Debug|Any CPU
		{170CB674-F679-D447-17C5-AB9A833B5256}.Release|Any CPU.ActiveCfg = Release|Any CPU
		{170CB674-F679-D447-17C5-AB9A833B5256}.Release|Any CPU.Build.0 = Release|Any CPU
	EndGlobalSection
	GlobalSection(SolutionProperties) = preSolution
		HideSolutionNode = FALSE
	EndGlobalSection
	GlobalSection(MonoDevelopProperties) = preSolution
		StartupItem = Assembly-CSharp.csproj
	EndGlobalSection
EndGlobal
